
Microsoft Visual Studio Solution File, Format Version 12.00
# Visual Studio 2013
VisualStudioVersion = 12.0.21005.1
MinimumVisualStudioVersion = 10.0.40219.1
Project("{FAE04EC0-301F-11D3-BF4B-00C04F79EFBC}") = "GradFIlmaProjekat", "GradFIlmaProjekat\GradFIlmaProjekat.csproj", "{7064562D-9765-4DCE-A8FA-359F59BA0A4F}"
	ProjectSection(ProjectDependencies) = postProject
		{390ED6E4-2E38-4A78-8289-65AC8E762D29} = {390ED6E4-2E38-4A78-8289-65AC8E762D29}
	EndProjectSection
EndProject
Project("{00D1A9C2-B5F0-4AF3-8072-F6C62B433612}") = "GradFilmaDatabase", "GradFilmaDatabase\GradFilmaDatabase.sqlproj", "{0B571849-3CDA-4B2C-AECD-2AAD6DCF3FD6}"
EndProject
Project("{FAE04EC0-301F-11D3-BF4B-00C04F79EFBC}") = "GradFilmaEntity", "GradFilmaEntity\GradFilmaEntity.csproj", "{3A6EEF35-2BE2-42B8-8F48-0D2F276A1F60}"
EndProject
Project("{FAE04EC0-301F-11D3-BF4B-00C04F79EFBC}") = "GradFilmaService", "GradFilmaService\GradFilmaService.csproj", "{390ED6E4-2E38-4A78-8289-65AC8E762D29}"
EndProject
Project("{FAE04EC0-301F-11D3-BF4B-00C04F79EFBC}") = "GradFilmaModel", "GradFilmaModel\GradFilmaModel.csproj", "{F54D0E1B-F763-4F54-B999-51DAEA0B3D5D}"
EndProject
Global
	GlobalSection(SolutionConfigurationPlatforms) = preSolution
		Debug|Any CPU = Debug|Any CPU
		Release|Any CPU = Release|Any CPU
	EndGlobalSection
	GlobalSection(ProjectConfigurationPlatforms) = postSolution
		{7064562D-9765-4DCE-A8FA-359F59BA0A4F}.Debug|Any CPU.ActiveCfg = Debug|Any CPU
		{7064562D-9765-4DCE-A8FA-359F59BA0A4F}.Debug|Any CPU.Build.0 = Debug|Any CPU
		{7064562D-9765-4DCE-A8FA-359F59BA0A4F}.Release|Any CPU.ActiveCfg = Release|Any CPU
		{7064562D-9765-4DCE-A8FA-359F59BA0A4F}.Release|Any CPU.Build.0 = Release|Any CPU
		{0B571849-3CDA-4B2C-AECD-2AAD6DCF3FD6}.Debug|Any CPU.ActiveCfg = Debug|Any CPU
		{0B571849-3CDA-4B2C-AECD-2AAD6DCF3FD6}.Debug|Any CPU.Build.0 = Debug|Any CPU
		{0B571849-3CDA-4B2C-AECD-2AAD6DCF3FD6}.Debug|Any CPU.Deploy.0 = Debug|Any CPU
		{0B571849-3CDA-4B2C-AECD-2AAD6DCF3FD6}.Release|Any CPU.ActiveCfg = Release|Any CPU
		{0B571849-3CDA-4B2C-AECD-2AAD6DCF3FD6}.Release|Any CPU.Build.0 = Release|Any CPU
		{0B571849-3CDA-4B2C-AECD-2AAD6DCF3FD6}.Release|Any CPU.Deploy.0 = Release|Any CPU
		{3A6EEF35-2BE2-42B8-8F48-0D2F276A1F60}.Debug|Any CPU.ActiveCfg = Debug|Any CPU
		{3A6EEF35-2BE2-42B8-8F48-0D2F276A1F60}.Debug|Any CPU.Build.0 = Debug|Any CPU
		{3A6EEF35-2BE2-42B8-8F48-0D2F276A1F60}.Release|Any CPU.ActiveCfg = Release|Any CPU
		{3A6EEF35-2BE2-42B8-8F48-0D2F276A1F60}.Release|Any CPU.Build.0 = Release|Any CPU
		{390ED6E4-2E38-4A78-8289-65AC8E762D29}.Debug|Any CPU.ActiveCfg = Debug|Any CPU
		{390ED6E4-2E38-4A78-8289-65AC8E762D29}.Debug|Any CPU.Build.0 = Debug|Any CPU
		{390ED6E4-2E38-4A78-8289-65AC8E762D29}.Release|Any CPU.ActiveCfg = Release|Any CPU
		{390ED6E4-2E38-4A78-8289-65AC8E762D29}.Release|Any CPU.Build.0 = Release|Any CPU
		{F54D0E1B-F763-4F54-B999-51DAEA0B3D5D}.Debug|Any CPU.ActiveCfg = Debug|Any CPU
		{F54D0E1B-F763-4F54-B999-51DAEA0B3D5D}.Debug|Any CPU.Build.0 = Debug|Any CPU
		{F54D0E1B-F763-4F54-B999-51DAEA0B3D5D}.Release|Any CPU.ActiveCfg = Release|Any CPU
		{F54D0E1B-F763-4F54-B999-51DAEA0B3D5D}.Release|Any CPU.Build.0 = Release|Any CPU
	EndGlobalSection
	GlobalSection(SolutionProperties) = preSolution
		HideSolutionNode = FALSE
	EndGlobalSection
EndGlobal
